
Microsoft Visual Studio Solution File, Format Version 12.00
# Visual Studio Version 17
VisualStudioVersion = 17.2.32516.85
MinimumVisualStudioVersion = 10.0.40219.1
Project("{9A19103F-16F7-4668-BE54-9A1E7A4F7556}") = "TypeOSDL", "TypeOSDL\TypeOSDL.csproj", "{83F2C553-A36D-44B9-B4B5-CB9DE42700FD}"
EndProject
Project("{9A19103F-16F7-4668-BE54-9A1E7A4F7556}") = "TypeOSDLTest", "TypeOSDLTest\TypeOSDLTest.csproj", "{F74062DD-4416-42BA-BD2C-9F6BA190336D}"
EndProject
Global
	GlobalSection(SolutionConfigurationPlatforms) = preSolution
		Debug|Any CPU = Debug|Any CPU
		Release|Any CPU = Release|Any CPU
	EndGlobalSection
	GlobalSection(ProjectConfigurationPlatforms) = postSolution
		{83F2C553-A36D-44B9-B4B5-CB9DE42700FD}.Debug|Any CPU.ActiveCfg = Debug|Any CPU
		{83F2C553-A36D-44B9-B4B5-CB9DE42700FD}.Debug|Any CPU.Build.0 = Debug|Any CPU
		{83F2C553-A36D-44B9-B4B5-CB9DE42700FD}.Release|Any CPU.ActiveCfg = Release|Any CPU
		{83F2C553-A36D-44B9-B4B5-CB9DE42700FD}.Release|Any CPU.Build.0 = Release|Any CPU
		{F74062DD-4416-42BA-BD2C-9F6BA190336D}.Debug|Any CPU.ActiveCfg = Debug|Any CPU
		{F74062DD-4416-42BA-BD2C-9F6BA190336D}.Debug|Any CPU.Build.0 = Debug|Any CPU
		{F74062DD-4416-42BA-BD2C-9F6BA190336D}.Release|Any CPU.ActiveCfg = Release|Any CPU
		{F74062DD-4416-42BA-BD2C-9F6BA190336D}.Release|Any CPU.Build.0 = Release|Any CPU
	EndGlobalSection
	GlobalSection(SolutionProperties) = preSolution
		HideSolutionNode = FALSE
	EndGlobalSection
	GlobalSection(ExtensibilityGlobals) = postSolution
		SolutionGuid = {BA4EFA3A-4859-4B2B-A052-033A3FFE4257}
	EndGlobalSection
EndGlobal
